
Microsoft Visual Studio Solution File, Format Version 12.00
# Visual Studio 2013
VisualStudioVersion = 12.0.21005.1
MinimumVisualStudioVersion = 10.0.40219.1
Project("{FAE04EC0-301F-11D3-BF4B-00C04F79EFBC}") = "老黄历", "老黄历\老黄历.csproj", "{D98493C3-8525-43E0-AC49-0A4BEAFD2AFF}"
EndProject
Global
	GlobalSection(SolutionConfigurationPlatforms) = preSolution
		Debug|Any CPU = Debug|Any CPU
		Release|Any CPU = Release|Any CPU
	EndGlobalSection
	GlobalSection(ProjectConfigurationPlatforms) = postSolution
		{D98493C3-8525-43E0-AC49-0A4BEAFD2AFF}.Debug|Any CPU.ActiveCfg = Debug|Any CPU
		{D98493C3-8525-43E0-AC49-0A4BEAFD2AFF}.Debug|Any CPU.Build.0 = Debug|Any CPU
		{D98493C3-8525-43E0-AC49-0A4BEAFD2AFF}.Release|Any CPU.ActiveCfg = Release|Any CPU
		{D98493C3-8525-43E0-AC49-0A4BEAFD2AFF}.Release|Any CPU.Build.0 = Release|Any CPU
	EndGlobalSection
	GlobalSection(SolutionProperties) = preSolution
		HideSolutionNode = FALSE
	EndGlobalSection
EndGlobal
